
Microsoft Visual Studio Solution File, Format Version 12.00
# Visual Studio Version 17
VisualStudioVersion = 17.0.32112.339
MinimumVisualStudioVersion = 10.0.40219.1
Project("{2150E333-8FDC-42A3-9474-1A3956D46DE8}") = "LAB1", "LAB1", "{241BF7B4-756C-4732-871F-A2627099B389}"
EndProject
Project("{778DAE3C-4631-46EA-AA77-85C1314464D9}") = "TestTypeConsole", "LAB1\TestTypeConsole\TestTypeConsole.vbproj", "{BF0F67AE-79B0-46A1-980A-914D04FA05FD}"
EndProject
Project("{778DAE3C-4631-46EA-AA77-85C1314464D9}") = "AwesomeAssebly", "LAB1\AwesomeAssebly\AwesomeAssebly.vbproj", "{171499C9-AAB4-4F2B-B7B8-67DEADA3A2DC}"
EndProject
Project("{9A19103F-16F7-4668-BE54-9A1E7A4F7556}") = "TestTypeConsoleSharp", "LAB1\TestTypeConsoleSharp\TestTypeConsoleSharp.csproj", "{7A1AFEA5-723D-4D2F-9A1E-DB26D28FB36D}"
EndProject
Project("{2150E333-8FDC-42A3-9474-1A3956D46DE8}") = "LAB2", "LAB2", "{F4C6FFF8-8601-4CB4-B240-CE5BA455392C}"
EndProject
Project("{9A19103F-16F7-4668-BE54-9A1E7A4F7556}") = "UnitTest.AwesomeLinkedList", "LAB2\UnitTest.AwesomeLinkedList\UnitTest.AwesomeLinkedList.csproj", "{09BBBDD6-E0AD-40E9-A06D-7A9F2EB28361}"
EndProject
Project("{2150E333-8FDC-42A3-9474-1A3956D46DE8}") = "LAB3", "LAB3", "{A841C465-C950-43D6-9ADE-C608DABE1402}"
EndProject
Project("{FAE04EC0-301F-11D3-BF4B-00C04F79EFBC}") = "KhersonNews.DAL.Impl.PostgreSQL", "LAB3\KhersonNews.DAL.Impl.PostgreSQL\KhersonNews.DAL.Impl.PostgreSQL.csproj", "{CD5D947C-4887-4B8C-B66F-A4865AD11353}"
EndProject
Project("{FAE04EC0-301F-11D3-BF4B-00C04F79EFBC}") = "KhersonNews.DAL.Abstract", "LAB3\KhersonNews.DAL.Abstract\KhersonNews.DAL.Abstract.csproj", "{479F802A-00B4-4E51-B0EE-FECCD8F7107E}"
EndProject
Project("{FAE04EC0-301F-11D3-BF4B-00C04F79EFBC}") = "KhersonNews.Bl.Abstract", "LAB3\KhersonNews.Bl.Abstract\KhersonNews.Bl.Abstract.csproj", "{03DE9A25-8B1B-4CD1-A861-A99E17DA946D}"
EndProject
Project("{FAE04EC0-301F-11D3-BF4B-00C04F79EFBC}") = "KhersonNews.DAL.Entities", "LAB3\KhersonNews.DAL.Entities\KhersonNews.DAL.Entities.csproj", "{B0055BFE-FA17-4073-98DD-CBEB9EF127A6}"
EndProject
Project("{FAE04EC0-301F-11D3-BF4B-00C04F79EFBC}") = "KhersonNews.Bl.Impl", "LAB3\KhersonNews.Bl.Impl\KhersonNews.Bl.Impl.csproj", "{0DEFDCAB-3E0A-4355-8E82-DA15C4AEA96B}"
EndProject
Project("{FAE04EC0-301F-11D3-BF4B-00C04F79EFBC}") = "KhersonNews.Bl.Models", "LAB3\KhersonNews.Bl.Models\KhersonNews.Bl.Models.csproj", "{7D44C4F8-60DC-40C5-AD47-06154B12D64F}"
EndProject
Global
	GlobalSection(SolutionConfigurationPlatforms) = preSolution
		Debug|Any CPU = Debug|Any CPU
		Release|Any CPU = Release|Any CPU
	EndGlobalSection
	GlobalSection(ProjectConfigurationPlatforms) = postSolution
		{BF0F67AE-79B0-46A1-980A-914D04FA05FD}.Debug|Any CPU.ActiveCfg = Debug|Any CPU
		{BF0F67AE-79B0-46A1-980A-914D04FA05FD}.Debug|Any CPU.Build.0 = Debug|Any CPU
		{BF0F67AE-79B0-46A1-980A-914D04FA05FD}.Release|Any CPU.ActiveCfg = Release|Any CPU
		{BF0F67AE-79B0-46A1-980A-914D04FA05FD}.Release|Any CPU.Build.0 = Release|Any CPU
		{171499C9-AAB4-4F2B-B7B8-67DEADA3A2DC}.Debug|Any CPU.ActiveCfg = Debug|Any CPU
		{171499C9-AAB4-4F2B-B7B8-67DEADA3A2DC}.Debug|Any CPU.Build.0 = Debug|Any CPU
		{171499C9-AAB4-4F2B-B7B8-67DEADA3A2DC}.Release|Any CPU.ActiveCfg = Release|Any CPU
		{171499C9-AAB4-4F2B-B7B8-67DEADA3A2DC}.Release|Any CPU.Build.0 = Release|Any CPU
		{7A1AFEA5-723D-4D2F-9A1E-DB26D28FB36D}.Debug|Any CPU.ActiveCfg = Debug|Any CPU
		{7A1AFEA5-723D-4D2F-9A1E-DB26D28FB36D}.Debug|Any CPU.Build.0 = Debug|Any CPU
		{7A1AFEA5-723D-4D2F-9A1E-DB26D28FB36D}.Release|Any CPU.ActiveCfg = Release|Any CPU
		{7A1AFEA5-723D-4D2F-9A1E-DB26D28FB36D}.Release|Any CPU.Build.0 = Release|Any CPU
		{09BBBDD6-E0AD-40E9-A06D-7A9F2EB28361}.Debug|Any CPU.ActiveCfg = Debug|Any CPU
		{09BBBDD6-E0AD-40E9-A06D-7A9F2EB28361}.Debug|Any CPU.Build.0 = Debug|Any CPU
		{09BBBDD6-E0AD-40E9-A06D-7A9F2EB28361}.Release|Any CPU.ActiveCfg = Release|Any CPU
		{09BBBDD6-E0AD-40E9-A06D-7A9F2EB28361}.Release|Any CPU.Build.0 = Release|Any CPU
		{CD5D947C-4887-4B8C-B66F-A4865AD11353}.Debug|Any CPU.ActiveCfg = Debug|Any CPU
		{CD5D947C-4887-4B8C-B66F-A4865AD11353}.Debug|Any CPU.Build.0 = Debug|Any CPU
		{CD5D947C-4887-4B8C-B66F-A4865AD11353}.Release|Any CPU.ActiveCfg = Release|Any CPU
		{CD5D947C-4887-4B8C-B66F-A4865AD11353}.Release|Any CPU.Build.0 = Release|Any CPU
		{479F802A-00B4-4E51-B0EE-FECCD8F7107E}.Debug|Any CPU.ActiveCfg = Debug|Any CPU
		{479F802A-00B4-4E51-B0EE-FECCD8F7107E}.Debug|Any CPU.Build.0 = Debug|Any CPU
		{479F802A-00B4-4E51-B0EE-FECCD8F7107E}.Release|Any CPU.ActiveCfg = Release|Any CPU
		{479F802A-00B4-4E51-B0EE-FECCD8F7107E}.Release|Any CPU.Build.0 = Release|Any CPU
		{03DE9A25-8B1B-4CD1-A861-A99E17DA946D}.Debug|Any CPU.ActiveCfg = Debug|Any CPU
		{03DE9A25-8B1B-4CD1-A861-A99E17DA946D}.Debug|Any CPU.Build.0 = Debug|Any CPU
		{03DE9A25-8B1B-4CD1-A861-A99E17DA946D}.Release|Any CPU.ActiveCfg = Release|Any CPU
		{03DE9A25-8B1B-4CD1-A861-A99E17DA946D}.Release|Any CPU.Build.0 = Release|Any CPU
		{B0055BFE-FA17-4073-98DD-CBEB9EF127A6}.Debug|Any CPU.ActiveCfg = Debug|Any CPU
		{B0055BFE-FA17-4073-98DD-CBEB9EF127A6}.Debug|Any CPU.Build.0 = Debug|Any CPU
		{B0055BFE-FA17-4073-98DD-CBEB9EF127A6}.Release|Any CPU.ActiveCfg = Release|Any CPU
		{B0055BFE-FA17-4073-98DD-CBEB9EF127A6}.Release|Any CPU.Build.0 = Release|Any CPU
		{0DEFDCAB-3E0A-4355-8E82-DA15C4AEA96B}.Debug|Any CPU.ActiveCfg = Debug|Any CPU
		{0DEFDCAB-3E0A-4355-8E82-DA15C4AEA96B}.Debug|Any CPU.Build.0 = Debug|Any CPU
		{0DEFDCAB-3E0A-4355-8E82-DA15C4AEA96B}.Release|Any CPU.ActiveCfg = Release|Any CPU
		{0DEFDCAB-3E0A-4355-8E82-DA15C4AEA96B}.Release|Any CPU.Build.0 = Release|Any CPU
		{7D44C4F8-60DC-40C5-AD47-06154B12D64F}.Debug|Any CPU.ActiveCfg = Debug|Any CPU
		{7D44C4F8-60DC-40C5-AD47-06154B12D64F}.Debug|Any CPU.Build.0 = Debug|Any CPU
		{7D44C4F8-60DC-40C5-AD47-06154B12D64F}.Release|Any CPU.ActiveCfg = Release|Any CPU
		{7D44C4F8-60DC-40C5-AD47-06154B12D64F}.Release|Any CPU.Build.0 = Release|Any CPU
	EndGlobalSection
	GlobalSection(SolutionProperties) = preSolution
		HideSolutionNode = FALSE
	EndGlobalSection
	GlobalSection(NestedProjects) = preSolution
		{BF0F67AE-79B0-46A1-980A-914D04FA05FD} = {241BF7B4-756C-4732-871F-A2627099B389}
		{171499C9-AAB4-4F2B-B7B8-67DEADA3A2DC} = {241BF7B4-756C-4732-871F-A2627099B389}
		{7A1AFEA5-723D-4D2F-9A1E-DB26D28FB36D} = {241BF7B4-756C-4732-871F-A2627099B389}
		{09BBBDD6-E0AD-40E9-A06D-7A9F2EB28361} = {F4C6FFF8-8601-4CB4-B240-CE5BA455392C}
		{CD5D947C-4887-4B8C-B66F-A4865AD11353} = {A841C465-C950-43D6-9ADE-C608DABE1402}
		{479F802A-00B4-4E51-B0EE-FECCD8F7107E} = {A841C465-C950-43D6-9ADE-C608DABE1402}
		{03DE9A25-8B1B-4CD1-A861-A99E17DA946D} = {A841C465-C950-43D6-9ADE-C608DABE1402}
		{B0055BFE-FA17-4073-98DD-CBEB9EF127A6} = {A841C465-C950-43D6-9ADE-C608DABE1402}
		{0DEFDCAB-3E0A-4355-8E82-DA15C4AEA96B} = {A841C465-C950-43D6-9ADE-C608DABE1402}
		{7D44C4F8-60DC-40C5-AD47-06154B12D64F} = {A841C465-C950-43D6-9ADE-C608DABE1402}
	EndGlobalSection
	GlobalSection(ExtensibilityGlobals) = postSolution
		SolutionGuid = {7C2C9EEB-F29B-4D8A-BD00-98D046AEDB20}
	EndGlobalSection
EndGlobal
